# This is a Gradle generated file for dependency locking.
# Manual edits can break the build and are not advised.
# This file is expected to be part of source control.
aopalliance:aopalliance:1.0=annotationProcessor,errorprone,testAnnotationProcessor,testFixturesAnnotationProcessor
com.github.ben-manes.caffeine:caffeine:3.0.5=annotationProcessor,errorprone,testAnnotationProcessor,testFixturesAnnotationProcessor
com.github.kevinstern:software-and-algorithms:1.0=annotationProcessor,errorprone,testAnnotationProcessor,testFixturesAnnotationProcessor
com.github.spotbugs:spotbugs-annotations:4.8.0=spotbugs
com.github.spotbugs:spotbugs:4.8.0=spotbugs
com.github.stephenc.jcip:jcip-annotations:1.0-1=spotbugs
com.google.auto.service:auto-service-annotations:1.0.1=annotationProcessor,errorprone,testAnnotationProcessor,testFixturesAnnotationProcessor
com.google.auto.value:auto-value-annotations:1.9=annotationProcessor,errorprone,testAnnotationProcessor,testFixturesAnnotationProcessor
com.google.auto:auto-common:1.2.1=annotationProcessor,errorprone,testAnnotationProcessor,testFixturesAnnotationProcessor
com.google.code.findbugs:jsr305:3.0.2=annotationProcessor,errorprone,spotbugs,testAnnotationProcessor,testFixturesAnnotationProcessor
com.google.code.gson:gson:2.10.1=spotbugs
com.google.errorprone:error_prone_annotation:2.22.0=annotationProcessor,errorprone,testAnnotationProcessor,testFixturesAnnotationProcessor
com.google.errorprone:error_prone_annotations:2.22.0=annotationProcessor,compileClasspath,errorprone,testAnnotationProcessor,testCompileClasspath,testFixturesAnnotationProcessor,testFixturesCompileClasspath
com.google.errorprone:error_prone_check_api:2.22.0=annotationProcessor,errorprone,testAnnotationProcessor,testFixturesAnnotationProcessor
com.google.errorprone:error_prone_core:2.22.0=annotationProcessor,errorprone,testAnnotationProcessor,testFixturesAnnotationProcessor
com.google.errorprone:error_prone_type_annotations:2.22.0=annotationProcessor,errorprone,testAnnotationProcessor,testFixturesAnnotationProcessor
com.google.errorprone:javac:9+181-r4173-1=errorproneJavac
com.google.guava:failureaccess:1.0.1=annotationProcessor,errorprone,testAnnotationProcessor,testFixturesAnnotationProcessor
com.google.guava:guava-parent:32.1.1-jre=annotationProcessor,errorprone,testAnnotationProcessor,testFixturesAnnotationProcessor
com.google.guava:guava:32.1.1-jre=annotationProcessor,errorprone,testAnnotationProcessor,testFixturesAnnotationProcessor
com.google.inject:guice:5.1.0=annotationProcessor,errorprone,testAnnotationProcessor,testFixturesAnnotationProcessor
com.google.protobuf:protobuf-java:3.19.6=annotationProcessor,errorprone,testAnnotationProcessor,testFixturesAnnotationProcessor
com.sun.xml.bind:jaxb-core:4.0.0=jaxb
com.sun.xml.bind:jaxb-impl:4.0.0=jaxb
com.sun.xml.bind:jaxb-jxc:4.0.0=jaxb
com.sun.xml.bind:jaxb-xjc:4.0.0=jaxb
com.uber.nullaway:nullaway:0.10.14=annotationProcessor,errorprone,testAnnotationProcessor,testFixturesAnnotationProcessor
commons-codec:commons-codec:1.15=spotbugs
io.github.eisop:dataflow-errorprone:3.34.0-eisop1=annotationProcessor,errorprone,testAnnotationProcessor,testFixturesAnnotationProcessor
io.github.java-diff-utils:java-diff-utils:4.12=annotationProcessor,errorprone,testAnnotationProcessor,testFixturesAnnotationProcessor
jakarta.activation:jakarta.activation-api:2.1.0=jaxb
jakarta.activation:jakarta.activation-api:2.1.2=compileClasspath,runtimeClasspath,testCompileClasspath,testFixturesRuntimeClasspath,testRuntimeClasspath
jakarta.xml.bind:jakarta.xml.bind-api:4.0.0=jaxb
jakarta.xml.bind:jakarta.xml.bind-api:4.0.1=compileClasspath,runtimeClasspath,testCompileClasspath,testFixturesRuntimeClasspath,testRuntimeClasspath
javax.inject:javax.inject:1=annotationProcessor,errorprone,testAnnotationProcessor,testFixturesAnnotationProcessor
jaxen:jaxen:2.0.0=spotbugs
net.sf.saxon:Saxon-HE:12.3=spotbugs
org.apache.bcel:bcel:6.6.1=spotbugs
org.apache.commons:commons-lang3:3.13.0=spotbugs
org.apache.commons:commons-text:1.10.0=spotbugs
org.apache.httpcomponents.client5:httpclient5:5.1.3=spotbugs
org.apache.httpcomponents.core5:httpcore5-h2:5.1.3=spotbugs
org.apache.httpcomponents.core5:httpcore5:5.1.3=spotbugs
org.apache.logging.log4j:log4j-api:2.20.0=compileClasspath,runtimeClasspath,spotbugs,testCompileClasspath,testFixturesRuntimeClasspath,testRuntimeClasspath
org.apache.logging.log4j:log4j-core:2.20.0=spotbugs
org.checkerframework:checker-qual:3.33.0=annotationProcessor,errorprone,testAnnotationProcessor,testFixturesAnnotationProcessor
org.checkerframework:checker-qual:3.39.0=compileClasspath,testCompileClasspath,testFixturesCompileClasspath
org.checkerframework:dataflow-nullaway:3.38.0=annotationProcessor,errorprone,testAnnotationProcessor,testFixturesAnnotationProcessor
org.dom4j:dom4j:2.1.4=spotbugs
org.glassfish.jaxb:jaxb-runtime:4.0.0=jaxb
org.ow2.asm:asm-analysis:9.6=spotbugs
org.ow2.asm:asm-commons:9.6=spotbugs
org.ow2.asm:asm-tree:9.6=spotbugs
org.ow2.asm:asm-util:9.6=spotbugs
org.ow2.asm:asm:9.6=spotbugs
org.pcollections:pcollections:3.1.4=annotationProcessor,errorprone,testAnnotationProcessor,testFixturesAnnotationProcessor
org.slf4j:slf4j-api:2.0.0=spotbugsSlf4j
org.slf4j:slf4j-api:2.0.9=spotbugs
org.slf4j:slf4j-simple:2.0.0=spotbugsSlf4j
org.springframework.boot:spring-boot-starter-parent:3.1.4=compileClasspath,runtimeClasspath,testCompileClasspath,testFixturesRuntimeClasspath,testRuntimeClasspath
org.xmlresolver:xmlresolver:5.2.0=spotbugs
empty=jaxbext,spotbugsPlugins
